
Microsoft Visual Studio Solution File, Format Version 12.00
# Visual Studio 14
VisualStudioVersion = 14.0.25123.0
MinimumVisualStudioVersion = 10.0.40219.1
Project("{2150E333-8FDC-42A3-9474-1A3956D46DE8}") = "Solution Items", "Solution Items", "{5BD9D4DB-8683-4698-8D24-01EE7306F73A}"
	ProjectSection(SolutionItems) = preProject
		IntegrationTests.testsettings = IntegrationTests.testsettings
		README.md = README.md
		UnitTests.testsettings = UnitTests.testsettings
	EndProjectSection
EndProject
Project("{FAE04EC0-301F-11D3-BF4B-00C04F79EFBC}") = "CodeSharp", "CodeSharp\CodeSharp.csproj", "{F37A5870-9786-4196-A3BE-51FEC6155623}"
EndProject
Project("{FAE04EC0-301F-11D3-BF4B-00C04F79EFBC}") = "UnitTestProject", "UnitTestProject\UnitTestProject.csproj", "{F80F35CC-6356-48BD-92C8-05EBF9F114E6}"
EndProject
Project("{FAE04EC0-301F-11D3-BF4B-00C04F79EFBC}") = "DemoApplication", "DemoApplication\DemoApplication.csproj", "{4224EEA5-FEDD-4536-9B7A-87C5531C8551}"
EndProject
Global
	GlobalSection(SolutionConfigurationPlatforms) = preSolution
		Debug|Any CPU = Debug|Any CPU
		Release|Any CPU = Release|Any CPU
	EndGlobalSection
	GlobalSection(ProjectConfigurationPlatforms) = postSolution
		{F37A5870-9786-4196-A3BE-51FEC6155623}.Debug|Any CPU.ActiveCfg = Debug|Any CPU
		{F37A5870-9786-4196-A3BE-51FEC6155623}.Debug|Any CPU.Build.0 = Debug|Any CPU
		{F37A5870-9786-4196-A3BE-51FEC6155623}.Release|Any CPU.ActiveCfg = Release|Any CPU
		{F37A5870-9786-4196-A3BE-51FEC6155623}.Release|Any CPU.Build.0 = Release|Any CPU
		{F80F35CC-6356-48BD-92C8-05EBF9F114E6}.Debug|Any CPU.ActiveCfg = Debug|Any CPU
		{F80F35CC-6356-48BD-92C8-05EBF9F114E6}.Debug|Any CPU.Build.0 = Debug|Any CPU
		{F80F35CC-6356-48BD-92C8-05EBF9F114E6}.Release|Any CPU.ActiveCfg = Release|Any CPU
		{F80F35CC-6356-48BD-92C8-05EBF9F114E6}.Release|Any CPU.Build.0 = Release|Any CPU
		{4224EEA5-FEDD-4536-9B7A-87C5531C8551}.Debug|Any CPU.ActiveCfg = Debug|Any CPU
		{4224EEA5-FEDD-4536-9B7A-87C5531C8551}.Debug|Any CPU.Build.0 = Debug|Any CPU
		{4224EEA5-FEDD-4536-9B7A-87C5531C8551}.Release|Any CPU.ActiveCfg = Release|Any CPU
		{4224EEA5-FEDD-4536-9B7A-87C5531C8551}.Release|Any CPU.Build.0 = Release|Any CPU
	EndGlobalSection
	GlobalSection(SolutionProperties) = preSolution
		HideSolutionNode = FALSE
	EndGlobalSection
EndGlobal
